{
  "name": "official-website",
  "version": "0.1.0",
  "lockfileVersion": 1,
  "requires": true,
  "dependencies": {
    "easemob-websdk": {
      "version": "1.4.12",
      "resolved": "https://registry.npmjs.org/easemob-websdk/-/easemob-websdk-1.4.12.tgz",
      "integrity": "sha1-vCylRZpUF/kXflMAjg6zFiqLm0E="
    }
  }
}
